{
  "name": "wirechat",
  "version": "1.0.0",
  "lockfileVersion": 3,
  "requires": true,
  "packages": {
    "": {
      "name": "wirechat",
      "version": "1.0.0",
      "license": "ISC",
      "dependencies": {
        "@alpinejs/anchor": "^3.14.1"
      }
    },
    "node_modules/@alpinejs/anchor": {
      "version": "3.14.1",
      "resolved": "https://registry.npmjs.org/@alpinejs/anchor/-/anchor-3.14.1.tgz",
      "integrity": "sha512-fA3FXtLfurEbcIm0PLnyxHF2k8fQmIx5Omn7kZOE2TWYtLF6jk0NnW9WxpwzjTKwJOXKejURDiTxvIN3ViykcQ=="
    }
  }
}
